
Microsoft Visual Studio Solution File, Format Version 12.00
# Visual Studio 15
VisualStudioVersion = 15.0.27130.2003
MinimumVisualStudioVersion = 10.0.40219.1
Project("{2150E333-8FDC-42A3-9474-1A3956D46DE8}") = "UraxGccService", "UraxGccService", "{897D2657-D8E0-4E2E-B539-C342105DEDFD}"
EndProject
Project("{A07B5EB6-E848-4116-A8D0-A826331D98C6}") = "GCCMicroService", "UraxGccService\GCCMicroService\GCCMicroService.sfproj", "{F41565CA-0798-4EC1-A1C9-F8F546FB761F}"
EndProject
Project("{FAE04EC0-301F-11D3-BF4B-00C04F79EFBC}") = "GCCServiceWebApi", "UraxGccService\GCCServiceWebApi\GCCServiceWebApi.csproj", "{F61B5B3C-30A5-41A8-A4EE-04E56073A300}"
EndProject
Project("{2150E333-8FDC-42A3-9474-1A3956D46DE8}") = "UraxDBService", "UraxDBService", "{C6913B36-B5C0-4C16-9C0F-4FB766D2C3B0}"
EndProject
Project("{00D1A9C2-B5F0-4AF3-8072-F6C62B433612}") = "UraxDB", "UraxDBService\UraxDB\UraxDB.sqlproj", "{7812FB54-CD37-4BAF-A641-D84B321C221B}"
EndProject
Project("{2150E333-8FDC-42A3-9474-1A3956D46DE8}") = "UraxGuiApi", "UraxGuiApi", "{4EFF47A4-661B-4730-9E4A-D47079039086}"
EndProject
Project("{FAE04EC0-301F-11D3-BF4B-00C04F79EFBC}") = "UraxUIServiceWebApi", "UraxGuiApi\UraxUIServiceWebApi\UraxUIServiceWebApi.csproj", "{9C1900E0-097C-4F84-A8B5-145F1082FBA0}"
EndProject
Project("{2150E333-8FDC-42A3-9474-1A3956D46DE8}") = "UraxPrimoService", "UraxPrimoService", "{15D07B22-A6A3-4B92-AED9-9EE0FEA77B02}"
EndProject
Project("{A07B5EB6-E848-4116-A8D0-A826331D98C6}") = "UraxBPCPNO34Service", "UraxPrimoService\UraxBPCPNO34Service\UraxBPCPNO34Service.sfproj", "{CC60237C-2657-4AFC-A827-5E22329A30C3}"
EndProject
Project("{FAE04EC0-301F-11D3-BF4B-00C04F79EFBC}") = "UraxBpcPno34Api", "UraxPrimoService\UraxBpcPno34Api\UraxBpcPno34Api.csproj", "{9BA79245-0545-41F5-BC9B-74E9D336A167}"
EndProject
Project("{FAE04EC0-301F-11D3-BF4B-00C04F79EFBC}") = "GCCService.Test", "UraxGccService\GCCService.Test\GCCService.Test.csproj", "{11856147-0F4B-4237-9E25-12A4207CEE85}"
EndProject
Project("{2150E333-8FDC-42A3-9474-1A3956D46DE8}") = "UraxGui", "UraxGui", "{03F8216B-B720-47EB-9C65-ABEA353CE39F}"
EndProject
Project("{FAE04EC0-301F-11D3-BF4B-00C04F79EFBC}") = "URAXWebApp", "UraxGUI\URAXWebApp\URAXWebApp.csproj", "{1170C0D2-4927-4A87-8C9E-D642553464F4}"
EndProject
Global
	GlobalSection(SolutionConfigurationPlatforms) = preSolution
		Debug|Any CPU = Debug|Any CPU
		Debug|x64 = Debug|x64
		Release|Any CPU = Release|Any CPU
		Release|x64 = Release|x64
	EndGlobalSection
	GlobalSection(ProjectConfigurationPlatforms) = postSolution
		{F41565CA-0798-4EC1-A1C9-F8F546FB761F}.Debug|Any CPU.ActiveCfg = Debug|x64
		{F41565CA-0798-4EC1-A1C9-F8F546FB761F}.Debug|Any CPU.Build.0 = Debug|x64
		{F41565CA-0798-4EC1-A1C9-F8F546FB761F}.Debug|x64.ActiveCfg = Debug|x64
		{F41565CA-0798-4EC1-A1C9-F8F546FB761F}.Debug|x64.Build.0 = Debug|x64
		{F41565CA-0798-4EC1-A1C9-F8F546FB761F}.Debug|x64.Deploy.0 = Debug|x64
		{F41565CA-0798-4EC1-A1C9-F8F546FB761F}.Release|Any CPU.ActiveCfg = Release|x64
		{F41565CA-0798-4EC1-A1C9-F8F546FB761F}.Release|x64.ActiveCfg = Release|x64
		{F41565CA-0798-4EC1-A1C9-F8F546FB761F}.Release|x64.Build.0 = Release|x64
		{F41565CA-0798-4EC1-A1C9-F8F546FB761F}.Release|x64.Deploy.0 = Release|x64
		{F61B5B3C-30A5-41A8-A4EE-04E56073A300}.Debug|Any CPU.ActiveCfg = Debug|x64
		{F61B5B3C-30A5-41A8-A4EE-04E56073A300}.Debug|Any CPU.Build.0 = Debug|x64
		{F61B5B3C-30A5-41A8-A4EE-04E56073A300}.Debug|x64.ActiveCfg = Debug|x64
		{F61B5B3C-30A5-41A8-A4EE-04E56073A300}.Debug|x64.Build.0 = Debug|x64
		{F61B5B3C-30A5-41A8-A4EE-04E56073A300}.Release|Any CPU.ActiveCfg = Release|x64
		{F61B5B3C-30A5-41A8-A4EE-04E56073A300}.Release|x64.ActiveCfg = Release|x64
		{F61B5B3C-30A5-41A8-A4EE-04E56073A300}.Release|x64.Build.0 = Release|x64
		{7812FB54-CD37-4BAF-A641-D84B321C221B}.Debug|Any CPU.ActiveCfg = Debug|Any CPU
		{7812FB54-CD37-4BAF-A641-D84B321C221B}.Debug|Any CPU.Build.0 = Debug|Any CPU
		{7812FB54-CD37-4BAF-A641-D84B321C221B}.Debug|x64.ActiveCfg = Debug|Any CPU
		{7812FB54-CD37-4BAF-A641-D84B321C221B}.Debug|x64.Build.0 = Debug|Any CPU
		{7812FB54-CD37-4BAF-A641-D84B321C221B}.Debug|x64.Deploy.0 = Debug|Any CPU
		{7812FB54-CD37-4BAF-A641-D84B321C221B}.Release|Any CPU.ActiveCfg = Release|Any CPU
		{7812FB54-CD37-4BAF-A641-D84B321C221B}.Release|Any CPU.Build.0 = Release|Any CPU
		{7812FB54-CD37-4BAF-A641-D84B321C221B}.Release|Any CPU.Deploy.0 = Release|Any CPU
		{7812FB54-CD37-4BAF-A641-D84B321C221B}.Release|x64.ActiveCfg = Release|Any CPU
		{7812FB54-CD37-4BAF-A641-D84B321C221B}.Release|x64.Build.0 = Release|Any CPU
		{7812FB54-CD37-4BAF-A641-D84B321C221B}.Release|x64.Deploy.0 = Release|Any CPU
		{9C1900E0-097C-4F84-A8B5-145F1082FBA0}.Debug|Any CPU.ActiveCfg = Debug|Any CPU
		{9C1900E0-097C-4F84-A8B5-145F1082FBA0}.Debug|Any CPU.Build.0 = Debug|Any CPU
		{9C1900E0-097C-4F84-A8B5-145F1082FBA0}.Debug|x64.ActiveCfg = Debug|Any CPU
		{9C1900E0-097C-4F84-A8B5-145F1082FBA0}.Debug|x64.Build.0 = Debug|Any CPU
		{9C1900E0-097C-4F84-A8B5-145F1082FBA0}.Release|Any CPU.ActiveCfg = Release|Any CPU
		{9C1900E0-097C-4F84-A8B5-145F1082FBA0}.Release|Any CPU.Build.0 = Release|Any CPU
		{9C1900E0-097C-4F84-A8B5-145F1082FBA0}.Release|x64.ActiveCfg = Release|Any CPU
		{9C1900E0-097C-4F84-A8B5-145F1082FBA0}.Release|x64.Build.0 = Release|Any CPU
		{CC60237C-2657-4AFC-A827-5E22329A30C3}.Debug|Any CPU.ActiveCfg = Debug|x64
		{CC60237C-2657-4AFC-A827-5E22329A30C3}.Debug|Any CPU.Build.0 = Debug|x64
		{CC60237C-2657-4AFC-A827-5E22329A30C3}.Debug|x64.ActiveCfg = Debug|x64
		{CC60237C-2657-4AFC-A827-5E22329A30C3}.Debug|x64.Build.0 = Debug|x64
		{CC60237C-2657-4AFC-A827-5E22329A30C3}.Debug|x64.Deploy.0 = Debug|x64
		{CC60237C-2657-4AFC-A827-5E22329A30C3}.Release|Any CPU.ActiveCfg = Release|x64
		{CC60237C-2657-4AFC-A827-5E22329A30C3}.Release|x64.ActiveCfg = Release|x64
		{CC60237C-2657-4AFC-A827-5E22329A30C3}.Release|x64.Build.0 = Release|x64
		{CC60237C-2657-4AFC-A827-5E22329A30C3}.Release|x64.Deploy.0 = Release|x64
		{9BA79245-0545-41F5-BC9B-74E9D336A167}.Debug|Any CPU.ActiveCfg = Debug|x64
		{9BA79245-0545-41F5-BC9B-74E9D336A167}.Debug|Any CPU.Build.0 = Debug|x64
		{9BA79245-0545-41F5-BC9B-74E9D336A167}.Debug|x64.ActiveCfg = Debug|x64
		{9BA79245-0545-41F5-BC9B-74E9D336A167}.Debug|x64.Build.0 = Debug|x64
		{9BA79245-0545-41F5-BC9B-74E9D336A167}.Release|Any CPU.ActiveCfg = Release|x64
		{9BA79245-0545-41F5-BC9B-74E9D336A167}.Release|x64.ActiveCfg = Release|x64
		{9BA79245-0545-41F5-BC9B-74E9D336A167}.Release|x64.Build.0 = Release|x64
		{11856147-0F4B-4237-9E25-12A4207CEE85}.Debug|Any CPU.ActiveCfg = Debug|Any CPU
		{11856147-0F4B-4237-9E25-12A4207CEE85}.Debug|Any CPU.Build.0 = Debug|Any CPU
		{11856147-0F4B-4237-9E25-12A4207CEE85}.Debug|x64.ActiveCfg = Debug|Any CPU
		{11856147-0F4B-4237-9E25-12A4207CEE85}.Debug|x64.Build.0 = Debug|Any CPU
		{11856147-0F4B-4237-9E25-12A4207CEE85}.Release|Any CPU.ActiveCfg = Release|Any CPU
		{11856147-0F4B-4237-9E25-12A4207CEE85}.Release|Any CPU.Build.0 = Release|Any CPU
		{11856147-0F4B-4237-9E25-12A4207CEE85}.Release|x64.ActiveCfg = Release|Any CPU
		{11856147-0F4B-4237-9E25-12A4207CEE85}.Release|x64.Build.0 = Release|Any CPU
		{1170C0D2-4927-4A87-8C9E-D642553464F4}.Debug|Any CPU.ActiveCfg = Debug|Any CPU
		{1170C0D2-4927-4A87-8C9E-D642553464F4}.Debug|Any CPU.Build.0 = Debug|Any CPU
		{1170C0D2-4927-4A87-8C9E-D642553464F4}.Debug|x64.ActiveCfg = Debug|Any CPU
		{1170C0D2-4927-4A87-8C9E-D642553464F4}.Debug|x64.Build.0 = Debug|Any CPU
		{1170C0D2-4927-4A87-8C9E-D642553464F4}.Release|Any CPU.ActiveCfg = Release|Any CPU
		{1170C0D2-4927-4A87-8C9E-D642553464F4}.Release|Any CPU.Build.0 = Release|Any CPU
		{1170C0D2-4927-4A87-8C9E-D642553464F4}.Release|x64.ActiveCfg = Release|Any CPU
		{1170C0D2-4927-4A87-8C9E-D642553464F4}.Release|x64.Build.0 = Release|Any CPU
	EndGlobalSection
	GlobalSection(SolutionProperties) = preSolution
		HideSolutionNode = FALSE
	EndGlobalSection
	GlobalSection(NestedProjects) = preSolution
		{F41565CA-0798-4EC1-A1C9-F8F546FB761F} = {897D2657-D8E0-4E2E-B539-C342105DEDFD}
		{F61B5B3C-30A5-41A8-A4EE-04E56073A300} = {897D2657-D8E0-4E2E-B539-C342105DEDFD}
		{7812FB54-CD37-4BAF-A641-D84B321C221B} = {C6913B36-B5C0-4C16-9C0F-4FB766D2C3B0}
		{9C1900E0-097C-4F84-A8B5-145F1082FBA0} = {4EFF47A4-661B-4730-9E4A-D47079039086}
		{CC60237C-2657-4AFC-A827-5E22329A30C3} = {15D07B22-A6A3-4B92-AED9-9EE0FEA77B02}
		{9BA79245-0545-41F5-BC9B-74E9D336A167} = {15D07B22-A6A3-4B92-AED9-9EE0FEA77B02}
		{11856147-0F4B-4237-9E25-12A4207CEE85} = {897D2657-D8E0-4E2E-B539-C342105DEDFD}
		{1170C0D2-4927-4A87-8C9E-D642553464F4} = {03F8216B-B720-47EB-9C65-ABEA353CE39F}
	EndGlobalSection
	GlobalSection(ExtensibilityGlobals) = postSolution
		SolutionGuid = {7C412640-9B01-4B0A-8660-033E3F3EAC9A}
	EndGlobalSection
EndGlobal
