
Microsoft Visual Studio Solution File, Format Version 12.00
# Visual Studio 15
VisualStudioVersion = 15.0.27130.2003
MinimumVisualStudioVersion = 10.0.40219.1
Project("{A07B5EB6-E848-4116-A8D0-A826331D98C6}") = "GCCMicroService", "GCCMicroService\GCCMicroService.sfproj", "{F41565CA-0798-4EC1-A1C9-F8F546FB761F}"
EndProject
Project("{FAE04EC0-301F-11D3-BF4B-00C04F79EFBC}") = "GCCServiceWebApi", "GCCServiceWebApi\GCCServiceWebApi.csproj", "{F61B5B3C-30A5-41A8-A4EE-04E56073A300}"
EndProject
Project("{FAE04EC0-301F-11D3-BF4B-00C04F79EFBC}") = "GCCService.Test", "GCCService.Test\GCCService.Test.csproj", "{11856147-0F4B-4237-9E25-12A4207CEE85}"
EndProject
Global
	GlobalSection(SolutionConfigurationPlatforms) = preSolution
		Debug|Any CPU = Debug|Any CPU
		Debug|x64 = Debug|x64
		Release|Any CPU = Release|Any CPU
		Release|x64 = Release|x64
	EndGlobalSection
	GlobalSection(ProjectConfigurationPlatforms) = postSolution
		{F41565CA-0798-4EC1-A1C9-F8F546FB761F}.Debug|Any CPU.ActiveCfg = Debug|x64
		{F41565CA-0798-4EC1-A1C9-F8F546FB761F}.Debug|x64.ActiveCfg = Debug|x64
		{F41565CA-0798-4EC1-A1C9-F8F546FB761F}.Debug|x64.Build.0 = Debug|x64
		{F41565CA-0798-4EC1-A1C9-F8F546FB761F}.Debug|x64.Deploy.0 = Debug|x64
		{F41565CA-0798-4EC1-A1C9-F8F546FB761F}.Release|Any CPU.ActiveCfg = Release|x64
		{F41565CA-0798-4EC1-A1C9-F8F546FB761F}.Release|x64.ActiveCfg = Release|x64
		{F41565CA-0798-4EC1-A1C9-F8F546FB761F}.Release|x64.Build.0 = Release|x64
		{F41565CA-0798-4EC1-A1C9-F8F546FB761F}.Release|x64.Deploy.0 = Release|x64
		{F61B5B3C-30A5-41A8-A4EE-04E56073A300}.Debug|Any CPU.ActiveCfg = Debug|x64
		{F61B5B3C-30A5-41A8-A4EE-04E56073A300}.Debug|x64.ActiveCfg = Debug|x64
		{F61B5B3C-30A5-41A8-A4EE-04E56073A300}.Debug|x64.Build.0 = Debug|x64
		{F61B5B3C-30A5-41A8-A4EE-04E56073A300}.Release|Any CPU.ActiveCfg = Release|x64
		{F61B5B3C-30A5-41A8-A4EE-04E56073A300}.Release|x64.ActiveCfg = Release|x64
		{F61B5B3C-30A5-41A8-A4EE-04E56073A300}.Release|x64.Build.0 = Release|x64
		{11856147-0F4B-4237-9E25-12A4207CEE85}.Debug|Any CPU.ActiveCfg = Debug|Any CPU
		{11856147-0F4B-4237-9E25-12A4207CEE85}.Debug|Any CPU.Build.0 = Debug|Any CPU
		{11856147-0F4B-4237-9E25-12A4207CEE85}.Debug|x64.ActiveCfg = Debug|Any CPU
		{11856147-0F4B-4237-9E25-12A4207CEE85}.Debug|x64.Build.0 = Debug|Any CPU
		{11856147-0F4B-4237-9E25-12A4207CEE85}.Release|Any CPU.ActiveCfg = Release|Any CPU
		{11856147-0F4B-4237-9E25-12A4207CEE85}.Release|Any CPU.Build.0 = Release|Any CPU
		{11856147-0F4B-4237-9E25-12A4207CEE85}.Release|x64.ActiveCfg = Release|Any CPU
		{11856147-0F4B-4237-9E25-12A4207CEE85}.Release|x64.Build.0 = Release|Any CPU
	EndGlobalSection
	GlobalSection(SolutionProperties) = preSolution
		HideSolutionNode = FALSE
	EndGlobalSection
	GlobalSection(ExtensibilityGlobals) = postSolution
		SolutionGuid = {B0269812-21EF-401D-B8A4-1D15412FA30B}
	EndGlobalSection
EndGlobal
