{
  "name": "angular-quickstart",
  "version": "1.0.0",
  "lockfileVersion": 1,
  "requires": true,
  "dependencies": {
    "@angular/animations": {
      "version": "4.4.4",
      "resolved": "https://registry.npmjs.org/@angular/animations/-/animations-4.4.4.tgz",
      "integrity": "sha1-ovk1NgQ0er4V35gpIFiEL1Lwi8I=",
      "requires": {
        "tslib": "1.7.1"
      }
    },
    "@angular/common": {
      "version": "4.4.4",
      "resolved": "https://registry.npmjs.org/@angular/common/-/common-4.4.4.tgz",
      "integrity": "sha1-rgqBiqoMaj8JAee4C9lOHCLrk2U=",
      "requires": {
        "tslib": "1.7.1"
      }
    },
    "@angular/compiler": {
      "version": "4.4.4",
      "resolved": "https://registry.npmjs.org/@angular/compiler/-/compiler-4.4.4.tgz",
      "integrity": "sha1-Mm6wAp2aNUGqyhJN75rcUcNvK0E=",
      "requires": {
        "tslib": "1.7.1"
      }
    },
    "@angular/core": {
      "version": "4.4.4",
      "resolved": "https://registry.npmjs.org/@angular/core/-/core-4.4.4.tgz",
      "integrity": "sha1-vTfs9UFY+XSJmWyThr0iL4CjL1w=",
      "requires": {
        "tslib": "1.7.1"
      }
    },
    "@angular/forms": {
      "version": "4.4.4",
      "resolved": "https://registry.npmjs.org/@angular/forms/-/forms-4.4.4.tgz",
      "integrity": "sha1-TbN5BQm2sQ8duKfBt/Uhh89kz9Q=",
      "requires": {
        "tslib": "1.7.1"
      }
    },
    "@angular/http": {
      "version": "4.4.4",
      "resolved": "https://registry.npmjs.org/@angular/http/-/http-4.4.4.tgz",
      "integrity": "sha1-Zn+vYWu2JBaOr65u6S5euiOp0fI=",
      "requires": {
        "tslib": "1.7.1"
      }
    },
    "@angular/platform-browser": {
      "version": "4.4.4",
      "resolved": "https://registry.npmjs.org/@angular/platform-browser/-/platform-browser-4.4.4.tgz",
      "integrity": "sha1-o4mOLnup2E/6DUcUTGlxF5x1ruY=",
      "requires": {
        "tslib": "1.7.1"
      }
    },
    "@angular/platform-browser-dynamic": {
      "version": "4.4.4",
      "resolved": "https://registry.npmjs.org/@angular/platform-browser-dynamic/-/platform-browser-dynamic-4.4.4.tgz",
      "integrity": "sha1-w8nrhUpShVagcFQSeTLlJ/qTLhQ=",
      "requires": {
        "tslib": "1.7.1"
      }
    },
    "@angular/router": {
      "version": "4.4.4",
      "resolved": "https://registry.npmjs.org/@angular/router/-/router-4.4.4.tgz",
      "integrity": "sha1-e+ORCW6EPLPgT58F0dZaiN+bx88=",
      "requires": {
        "tslib": "1.7.1"
      }
    },
    "@types/adal": {
      "version": "1.0.29",
      "resolved": "https://registry.npmjs.org/@types/adal/-/adal-1.0.29.tgz",
      "integrity": "sha512-6kvyTWzue5lJ8xECAgVdMrs5+UEyPeflzU/L83QdufGnvjdyCiCWVgkfinMB7133ik/x+02T0q1070Z6/ZK6eQ==",
      "requires": {
        "@types/angular": "1.6.32"
      }
    },
    "@types/angular": {
      "version": "1.6.32",
      "resolved": "https://registry.npmjs.org/@types/angular/-/angular-1.6.32.tgz",
      "integrity": "sha512-xpx7oFBN2oQEwtD80m+aI8wpejzGvlgkgzYD+MpxFTyJtlbwUUUIaJEaEJOtgtF/9Fndt3q6W1qNGf7vO2AUjw=="
    },
    "adal-angular": {
      "version": "1.0.15",
      "resolved": "https://registry.npmjs.org/adal-angular/-/adal-angular-1.0.15.tgz",
      "integrity": "sha1-8qnvgvNYxEToMUKs5l0yJ6RBBDs="
    },
    "angular": {
      "version": "1.6.6",
      "resolved": "https://registry.npmjs.org/angular/-/angular-1.6.6.tgz",
      "integrity": "sha1-/Vo8+0N844LYVO4BEgeXl4Uny2Q="
    },
    "angular-in-memory-web-api": {
      "version": "0.4.6",
      "resolved": "https://registry.npmjs.org/angular-in-memory-web-api/-/angular-in-memory-web-api-0.4.6.tgz",
      "integrity": "sha1-EB9Zo4XrFTnH+TB1uv0MHLd061g="
    },
    "core-js": {
      "version": "2.5.1",
      "resolved": "https://registry.npmjs.org/core-js/-/core-js-2.5.1.tgz",
      "integrity": "sha1-rmh03GaTd4m4B1T/VCjfZoGcpQs="
    },
    "jquery": {
      "version": "3.2.1",
      "resolved": "https://registry.npmjs.org/jquery/-/jquery-3.2.1.tgz",
      "integrity": "sha1-XE2d5lKvbNCncBVKYxu6ErAVx4c="
    },
    "ng2-adal": {
      "version": "2.0.0",
      "resolved": "https://registry.npmjs.org/ng2-adal/-/ng2-adal-2.0.0.tgz",
      "integrity": "sha1-thz28PQRIk0R+vqcISREP/lGcGE=",
      "requires": {
        "@angular/common": "4.4.4",
        "@angular/compiler": "4.4.4",
        "@angular/core": "4.4.4",
        "@angular/http": "4.4.4",
        "@angular/platform-browser": "4.4.4",
        "@types/adal": "1.0.29",
        "adal-angular": "1.0.15",
        "reflect-metadata": "0.1.10",
        "rxjs": "5.4.3",
        "zone.js": "0.8.18"
      }
    },
    "primeng": {
      "version": "4.2.2",
      "resolved": "https://registry.npmjs.org/primeng/-/primeng-4.2.2.tgz",
      "integrity": "sha1-t2EWwkUF3crX9SpLuna1hNjnxSc="
    },
    "reflect-metadata": {
      "version": "0.1.10",
      "resolved": "https://registry.npmjs.org/reflect-metadata/-/reflect-metadata-0.1.10.tgz",
      "integrity": "sha1-tPg3BEFqytiZiMmxVjXUfgO5NEo="
    },
    "rxjs": {
      "version": "5.4.3",
      "resolved": "https://registry.npmjs.org/rxjs/-/rxjs-5.4.3.tgz",
      "integrity": "sha512-fSNi+y+P9ss+EZuV0GcIIqPUK07DEaMRUtLJvdcvMyFjc9dizuDjere+A4V7JrLGnm9iCc+nagV/4QdMTkqC4A==",
      "requires": {
        "symbol-observable": "1.0.4"
      }
    },
    "symbol-observable": {
      "version": "1.0.4",
      "resolved": "https://registry.npmjs.org/symbol-observable/-/symbol-observable-1.0.4.tgz",
      "integrity": "sha1-Kb9hXUqnEhvdiYsi1LP5vE4qoD0="
    },
    "systemjs": {
      "version": "0.20.19",
      "resolved": "https://registry.npmjs.org/systemjs/-/systemjs-0.20.19.tgz",
      "integrity": "sha512-H/rKwNEEyej/+IhkmFNmKFyJul8tbH/muiPq5TyNoVTwsGhUjRsN3NlFnFQUvFXA3+GQmsXkCNXU6QKPl779aw=="
    },
    "tslib": {
      "version": "1.7.1",
      "resolved": "https://registry.npmjs.org/tslib/-/tslib-1.7.1.tgz",
      "integrity": "sha1-vIAEFkaRkjp5/oN4u+s9ogF1OOw="
    },
    "zone.js": {
      "version": "0.8.18",
      "resolved": "https://registry.npmjs.org/zone.js/-/zone.js-0.8.18.tgz",
      "integrity": "sha512-knKOBQM0oea3/x9pdyDuDi7RhxDlJhOIkeixXSiTKWLgs4LpK37iBc+1HaHwzlciHUKT172CymJFKo8Xgh+44Q=="
    }
  }
}
